
Microsoft Visual Studio Solution File, Format Version 12.00
# Visual Studio Version 17
VisualStudioVersion = 17.9.34728.123
MinimumVisualStudioVersion = 10.0.40219.1
Project("{9A19103F-16F7-4668-BE54-9A1E7A4F7556}") = "AerolineaMVC", "AerolineaMVC\AerolineaMVC.csproj", "{15DE81F1-4FB8-46F0-8E5E-67B8D65F9980}"
EndProject
Global
	GlobalSection(SolutionConfigurationPlatforms) = preSolution
		Debug|Any CPU = Debug|Any CPU
		Release|Any CPU = Release|Any CPU
	EndGlobalSection
	GlobalSection(ProjectConfigurationPlatforms) = postSolution
		{15DE81F1-4FB8-46F0-8E5E-67B8D65F9980}.Debug|Any CPU.ActiveCfg = Debug|Any CPU
		{15DE81F1-4FB8-46F0-8E5E-67B8D65F9980}.Debug|Any CPU.Build.0 = Debug|Any CPU
		{15DE81F1-4FB8-46F0-8E5E-67B8D65F9980}.Release|Any CPU.ActiveCfg = Release|Any CPU
		{15DE81F1-4FB8-46F0-8E5E-67B8D65F9980}.Release|Any CPU.Build.0 = Release|Any CPU
	EndGlobalSection
	GlobalSection(SolutionProperties) = preSolution
		HideSolutionNode = FALSE
	EndGlobalSection
	GlobalSection(ExtensibilityGlobals) = postSolution
		SolutionGuid = {849F94FD-4164-4214-B28F-8858AD748CC7}
	EndGlobalSection
EndGlobal
